
Microsoft Visual Studio Solution File, Format Version 12.00
# Visual Studio 15
VisualStudioVersion = 15.0.28307.645
MinimumVisualStudioVersion = 10.0.40219.1
Project("{9A19103F-16F7-4668-BE54-9A1E7A4F7556}") = "MiddlewareBot", "MiddlewareBot\MiddlewareBot.csproj", "{C85CB065-1EF7-4BA4-8E15-4DA43A24CE9B}"
EndProject
Project("{9A19103F-16F7-4668-BE54-9A1E7A4F7556}") = "StateMiddlewareBot", "StateMiddlewareBot\StateMiddlewareBot.csproj", "{40C424D6-102C-4876-9883-8B6F27F8327F}"
EndProject
Global
	GlobalSection(SolutionConfigurationPlatforms) = preSolution
		Debug|Any CPU = Debug|Any CPU
		Release|Any CPU = Release|Any CPU
	EndGlobalSection
	GlobalSection(ProjectConfigurationPlatforms) = postSolution
		{C85CB065-1EF7-4BA4-8E15-4DA43A24CE9B}.Debug|Any CPU.ActiveCfg = Debug|Any CPU
		{C85CB065-1EF7-4BA4-8E15-4DA43A24CE9B}.Debug|Any CPU.Build.0 = Debug|Any CPU
		{C85CB065-1EF7-4BA4-8E15-4DA43A24CE9B}.Release|Any CPU.ActiveCfg = Release|Any CPU
		{C85CB065-1EF7-4BA4-8E15-4DA43A24CE9B}.Release|Any CPU.Build.0 = Release|Any CPU
		{40C424D6-102C-4876-9883-8B6F27F8327F}.Debug|Any CPU.ActiveCfg = Debug|Any CPU
		{40C424D6-102C-4876-9883-8B6F27F8327F}.Debug|Any CPU.Build.0 = Debug|Any CPU
		{40C424D6-102C-4876-9883-8B6F27F8327F}.Release|Any CPU.ActiveCfg = Release|Any CPU
		{40C424D6-102C-4876-9883-8B6F27F8327F}.Release|Any CPU.Build.0 = Release|Any CPU
	EndGlobalSection
	GlobalSection(SolutionProperties) = preSolution
		HideSolutionNode = FALSE
	EndGlobalSection
	GlobalSection(ExtensibilityGlobals) = postSolution
		SolutionGuid = {E2CC73C9-8AE6-45C0-8525-87BF94CCEAB2}
	EndGlobalSection
EndGlobal
